
Microsoft Visual Studio Solution File, Format Version 12.00
# Visual Studio Version 16
VisualStudioVersion = 16.0.29009.5
MinimumVisualStudioVersion = 10.0.40219.1
Project("{9A19103F-16F7-4668-BE54-9A1E7A4F7556}") = "RentalService", "RentalService\RentalService.csproj", "{0A4E660D-FEEA-4552-9C78-EB7A8F2384F3}"
EndProject
Project("{9A19103F-16F7-4668-BE54-9A1E7A4F7556}") = "RentalWeb", "RentalWeb\RentalWeb.csproj", "{B67750E1-5EA4-42F6-BED9-80E4B3EAED4F}"
EndProject
Project("{9A19103F-16F7-4668-BE54-9A1E7A4F7556}") = "SharedComponents", "SharedComponents\SharedComponents.csproj", "{907DA541-C8D7-45E2-BF71-8D9DF94A6B94}"
EndProject
Project("{FAE04EC0-301F-11D3-BF4B-00C04F79EFBC}") = "UnitTests", "UnitTests\UnitTests.csproj", "{1192F78E-8C3D-445D-AC1A-D2C65E582D2A}"
EndProject
Global
	GlobalSection(SolutionConfigurationPlatforms) = preSolution
		Debug|Any CPU = Debug|Any CPU
		Release|Any CPU = Release|Any CPU
	EndGlobalSection
	GlobalSection(ProjectConfigurationPlatforms) = postSolution
		{0A4E660D-FEEA-4552-9C78-EB7A8F2384F3}.Debug|Any CPU.ActiveCfg = Debug|Any CPU
		{0A4E660D-FEEA-4552-9C78-EB7A8F2384F3}.Debug|Any CPU.Build.0 = Debug|Any CPU
		{0A4E660D-FEEA-4552-9C78-EB7A8F2384F3}.Release|Any CPU.ActiveCfg = Release|Any CPU
		{0A4E660D-FEEA-4552-9C78-EB7A8F2384F3}.Release|Any CPU.Build.0 = Release|Any CPU
		{B67750E1-5EA4-42F6-BED9-80E4B3EAED4F}.Debug|Any CPU.ActiveCfg = Debug|Any CPU
		{B67750E1-5EA4-42F6-BED9-80E4B3EAED4F}.Debug|Any CPU.Build.0 = Debug|Any CPU
		{B67750E1-5EA4-42F6-BED9-80E4B3EAED4F}.Release|Any CPU.ActiveCfg = Release|Any CPU
		{B67750E1-5EA4-42F6-BED9-80E4B3EAED4F}.Release|Any CPU.Build.0 = Release|Any CPU
		{907DA541-C8D7-45E2-BF71-8D9DF94A6B94}.Debug|Any CPU.ActiveCfg = Debug|Any CPU
		{907DA541-C8D7-45E2-BF71-8D9DF94A6B94}.Debug|Any CPU.Build.0 = Debug|Any CPU
		{907DA541-C8D7-45E2-BF71-8D9DF94A6B94}.Release|Any CPU.ActiveCfg = Release|Any CPU
		{907DA541-C8D7-45E2-BF71-8D9DF94A6B94}.Release|Any CPU.Build.0 = Release|Any CPU
		{1192F78E-8C3D-445D-AC1A-D2C65E582D2A}.Debug|Any CPU.ActiveCfg = Debug|Any CPU
		{1192F78E-8C3D-445D-AC1A-D2C65E582D2A}.Debug|Any CPU.Build.0 = Debug|Any CPU
		{1192F78E-8C3D-445D-AC1A-D2C65E582D2A}.Release|Any CPU.ActiveCfg = Release|Any CPU
		{1192F78E-8C3D-445D-AC1A-D2C65E582D2A}.Release|Any CPU.Build.0 = Release|Any CPU
	EndGlobalSection
	GlobalSection(SolutionProperties) = preSolution
		HideSolutionNode = FALSE
	EndGlobalSection
	GlobalSection(ExtensibilityGlobals) = postSolution
		SolutionGuid = {E4257611-0064-4778-89D9-1E7CE094B255}
	EndGlobalSection
EndGlobal
